
Microsoft Visual Studio Solution File, Format Version 12.00
# Visual Studio 15
VisualStudioVersion = 15.0.28010.2041
MinimumVisualStudioVersion = 10.0.40219.1
Project("{8BC9CEB8-8B4A-11D0-8D11-00A0C91BC942}") = "class_05", "class_05\class_05.vcxproj", "{884E038F-A4BA-403F-8ED0-08D44EAAF4F9}"
EndProject
Global
	GlobalSection(SolutionConfigurationPlatforms) = preSolution
		Debug|x64 = Debug|x64
		Debug|x86 = Debug|x86
		Release|x64 = Release|x64
		Release|x86 = Release|x86
	EndGlobalSection
	GlobalSection(ProjectConfigurationPlatforms) = postSolution
		{884E038F-A4BA-403F-8ED0-08D44EAAF4F9}.Debug|x64.ActiveCfg = Debug|x64
		{884E038F-A4BA-403F-8ED0-08D44EAAF4F9}.Debug|x64.Build.0 = Debug|x64
		{884E038F-A4BA-403F-8ED0-08D44EAAF4F9}.Debug|x86.ActiveCfg = Debug|Win32
		{884E038F-A4BA-403F-8ED0-08D44EAAF4F9}.Debug|x86.Build.0 = Debug|Win32
		{884E038F-A4BA-403F-8ED0-08D44EAAF4F9}.Release|x64.ActiveCfg = Release|x64
		{884E038F-A4BA-403F-8ED0-08D44EAAF4F9}.Release|x64.Build.0 = Release|x64
		{884E038F-A4BA-403F-8ED0-08D44EAAF4F9}.Release|x86.ActiveCfg = Release|Win32
		{884E038F-A4BA-403F-8ED0-08D44EAAF4F9}.Release|x86.Build.0 = Release|Win32
	EndGlobalSection
	GlobalSection(SolutionProperties) = preSolution
		HideSolutionNode = FALSE
	EndGlobalSection
	GlobalSection(ExtensibilityGlobals) = postSolution
		SolutionGuid = {730C7F9B-17D5-4087-B829-60956E319CAC}
	EndGlobalSection
EndGlobal
